
Microsoft Visual Studio Solution File, Format Version 12.00
# Visual Studio 2013
VisualStudioVersion = 12.0.21005.1
MinimumVisualStudioVersion = 10.0.40219.1
Project("{FAE04EC0-301F-11D3-BF4B-00C04F79EFBC}") = "WebApi2Book.Common", "WebApi2Book.Common\WebApi2Book.Common.csproj", "{99CF6CFB-C928-4CB3-9BA2-37D2A2FA9CB4}"
EndProject
Project("{FAE04EC0-301F-11D3-BF4B-00C04F79EFBC}") = "WebApi2Book.Data", "WebApi2Book.Data\WebApi2Book.Data.csproj", "{C5673810-62F5-4307-8DD7-FA5202E5BF36}"
EndProject
Project("{FAE04EC0-301F-11D3-BF4B-00C04F79EFBC}") = "WebApi2Book.Data.SqlServer", "WebApi2Book.Data.SqlServer\WebApi2Book.Data.SqlServer.csproj", "{629B6089-0565-43D6-9552-488199CFC57B}"
EndProject
Project("{FAE04EC0-301F-11D3-BF4B-00C04F79EFBC}") = "WebApi2Book.Web.Api.Models", "WebApi2Book.Web.Api.Models\WebApi2Book.Web.Api.Models.csproj", "{E7A860E7-90AE-4B1A-AA58-C5F779F34CD6}"
EndProject
Project("{FAE04EC0-301F-11D3-BF4B-00C04F79EFBC}") = "WebApi2Book.Web.Common", "WebApi2Book.Web.Common\WebApi2Book.Web.Common.csproj", "{E2C9A561-6BE2-4FD9-81EB-015FBD2CAEDD}"
EndProject
Project("{FAE04EC0-301F-11D3-BF4B-00C04F79EFBC}") = "WebApi2Book.Web.Api", "WebApi2Book.Web.Api\WebApi2Book.Web.Api.csproj", "{CAE30046-C14A-45B8-8DAF-E1CA448A979B}"
EndProject
Project("{2150E333-8FDC-42A3-9474-1A3956D46DE8}") = "Tests", "Tests", "{3BF7020F-4BD2-4A8A-8631-416DC6E9557E}"
EndProject
Project("{FAE04EC0-301F-11D3-BF4B-00C04F79EFBC}") = "WebApi2Book.Common.Tests", "WebApi2Book.Common.Tests\WebApi2Book.Common.Tests.csproj", "{D4084F7C-E4F7-4AD5-9DBF-A9F120E9D539}"
EndProject
Project("{FAE04EC0-301F-11D3-BF4B-00C04F79EFBC}") = "WebApi2Book.Data.SqlServer.IntegrationTests", "WebApi2Book.Data.SqlServer.IntegrationTests\WebApi2Book.Data.SqlServer.IntegrationTests.csproj", "{524D54D7-96D0-41BB-8936-8C8A39375729}"
EndProject
Project("{FAE04EC0-301F-11D3-BF4B-00C04F79EFBC}") = "WebApi2Book.Data.Tests", "WebApi2Book.Data.Tests\WebApi2Book.Data.Tests.csproj", "{D303BC3E-CDF2-462E-9E09-4C4BA810C747}"
EndProject
Project("{FAE04EC0-301F-11D3-BF4B-00C04F79EFBC}") = "WebApi2Book.Web.Api.IntegrationTests", "WebApi2Book.Web.Api.IntegrationTests\WebApi2Book.Web.Api.IntegrationTests.csproj", "{92CADC65-59A6-4A86-9E5C-5A4C23017B90}"
EndProject
Project("{FAE04EC0-301F-11D3-BF4B-00C04F79EFBC}") = "WebApi2Book.Web.Api.Tests", "WebApi2Book.Web.Api.Tests\WebApi2Book.Web.Api.Tests.csproj", "{BFDF71C8-3B24-4BE6-8C28-46F2F55C0C4B}"
EndProject
Project("{FAE04EC0-301F-11D3-BF4B-00C04F79EFBC}") = "WebApi2Book.Web.Common.Tests", "WebApi2Book.Web.Common.Tests\WebApi2Book.Web.Common.Tests.csproj", "{58D066D3-6A12-48EF-90CD-33DD1EFF6BF3}"
EndProject
Project("{00D1A9C2-B5F0-4AF3-8072-F6C62B433612}") = "WebApi2BookDb", "WebApi2BookDb\WebApi2BookDb.sqlproj", "{B5817589-BE34-463D-BB39-2A53F8ED4204}"
EndProject
Global
	GlobalSection(SolutionConfigurationPlatforms) = preSolution
		Debug|Any CPU = Debug|Any CPU
		Release|Any CPU = Release|Any CPU
	EndGlobalSection
	GlobalSection(ProjectConfigurationPlatforms) = postSolution
		{99CF6CFB-C928-4CB3-9BA2-37D2A2FA9CB4}.Debug|Any CPU.ActiveCfg = Debug|Any CPU
		{99CF6CFB-C928-4CB3-9BA2-37D2A2FA9CB4}.Debug|Any CPU.Build.0 = Debug|Any CPU
		{99CF6CFB-C928-4CB3-9BA2-37D2A2FA9CB4}.Release|Any CPU.ActiveCfg = Release|Any CPU
		{99CF6CFB-C928-4CB3-9BA2-37D2A2FA9CB4}.Release|Any CPU.Build.0 = Release|Any CPU
		{C5673810-62F5-4307-8DD7-FA5202E5BF36}.Debug|Any CPU.ActiveCfg = Debug|Any CPU
		{C5673810-62F5-4307-8DD7-FA5202E5BF36}.Debug|Any CPU.Build.0 = Debug|Any CPU
		{C5673810-62F5-4307-8DD7-FA5202E5BF36}.Release|Any CPU.ActiveCfg = Release|Any CPU
		{C5673810-62F5-4307-8DD7-FA5202E5BF36}.Release|Any CPU.Build.0 = Release|Any CPU
		{629B6089-0565-43D6-9552-488199CFC57B}.Debug|Any CPU.ActiveCfg = Debug|Any CPU
		{629B6089-0565-43D6-9552-488199CFC57B}.Debug|Any CPU.Build.0 = Debug|Any CPU
		{629B6089-0565-43D6-9552-488199CFC57B}.Release|Any CPU.ActiveCfg = Release|Any CPU
		{629B6089-0565-43D6-9552-488199CFC57B}.Release|Any CPU.Build.0 = Release|Any CPU
		{E7A860E7-90AE-4B1A-AA58-C5F779F34CD6}.Debug|Any CPU.ActiveCfg = Debug|Any CPU
		{E7A860E7-90AE-4B1A-AA58-C5F779F34CD6}.Debug|Any CPU.Build.0 = Debug|Any CPU
		{E7A860E7-90AE-4B1A-AA58-C5F779F34CD6}.Release|Any CPU.ActiveCfg = Release|Any CPU
		{E7A860E7-90AE-4B1A-AA58-C5F779F34CD6}.Release|Any CPU.Build.0 = Release|Any CPU
		{E2C9A561-6BE2-4FD9-81EB-015FBD2CAEDD}.Debug|Any CPU.ActiveCfg = Debug|Any CPU
		{E2C9A561-6BE2-4FD9-81EB-015FBD2CAEDD}.Debug|Any CPU.Build.0 = Debug|Any CPU
		{E2C9A561-6BE2-4FD9-81EB-015FBD2CAEDD}.Release|Any CPU.ActiveCfg = Release|Any CPU
		{E2C9A561-6BE2-4FD9-81EB-015FBD2CAEDD}.Release|Any CPU.Build.0 = Release|Any CPU
		{CAE30046-C14A-45B8-8DAF-E1CA448A979B}.Debug|Any CPU.ActiveCfg = Debug|Any CPU
		{CAE30046-C14A-45B8-8DAF-E1CA448A979B}.Debug|Any CPU.Build.0 = Debug|Any CPU
		{CAE30046-C14A-45B8-8DAF-E1CA448A979B}.Release|Any CPU.ActiveCfg = Release|Any CPU
		{CAE30046-C14A-45B8-8DAF-E1CA448A979B}.Release|Any CPU.Build.0 = Release|Any CPU
		{D4084F7C-E4F7-4AD5-9DBF-A9F120E9D539}.Debug|Any CPU.ActiveCfg = Debug|Any CPU
		{D4084F7C-E4F7-4AD5-9DBF-A9F120E9D539}.Debug|Any CPU.Build.0 = Debug|Any CPU
		{D4084F7C-E4F7-4AD5-9DBF-A9F120E9D539}.Release|Any CPU.ActiveCfg = Release|Any CPU
		{D4084F7C-E4F7-4AD5-9DBF-A9F120E9D539}.Release|Any CPU.Build.0 = Release|Any CPU
		{524D54D7-96D0-41BB-8936-8C8A39375729}.Debug|Any CPU.ActiveCfg = Debug|Any CPU
		{524D54D7-96D0-41BB-8936-8C8A39375729}.Debug|Any CPU.Build.0 = Debug|Any CPU
		{524D54D7-96D0-41BB-8936-8C8A39375729}.Release|Any CPU.ActiveCfg = Release|Any CPU
		{524D54D7-96D0-41BB-8936-8C8A39375729}.Release|Any CPU.Build.0 = Release|Any CPU
		{D303BC3E-CDF2-462E-9E09-4C4BA810C747}.Debug|Any CPU.ActiveCfg = Debug|Any CPU
		{D303BC3E-CDF2-462E-9E09-4C4BA810C747}.Debug|Any CPU.Build.0 = Debug|Any CPU
		{D303BC3E-CDF2-462E-9E09-4C4BA810C747}.Release|Any CPU.ActiveCfg = Release|Any CPU
		{D303BC3E-CDF2-462E-9E09-4C4BA810C747}.Release|Any CPU.Build.0 = Release|Any CPU
		{92CADC65-59A6-4A86-9E5C-5A4C23017B90}.Debug|Any CPU.ActiveCfg = Debug|Any CPU
		{92CADC65-59A6-4A86-9E5C-5A4C23017B90}.Debug|Any CPU.Build.0 = Debug|Any CPU
		{92CADC65-59A6-4A86-9E5C-5A4C23017B90}.Release|Any CPU.ActiveCfg = Release|Any CPU
		{92CADC65-59A6-4A86-9E5C-5A4C23017B90}.Release|Any CPU.Build.0 = Release|Any CPU
		{BFDF71C8-3B24-4BE6-8C28-46F2F55C0C4B}.Debug|Any CPU.ActiveCfg = Debug|Any CPU
		{BFDF71C8-3B24-4BE6-8C28-46F2F55C0C4B}.Debug|Any CPU.Build.0 = Debug|Any CPU
		{BFDF71C8-3B24-4BE6-8C28-46F2F55C0C4B}.Release|Any CPU.ActiveCfg = Release|Any CPU
		{BFDF71C8-3B24-4BE6-8C28-46F2F55C0C4B}.Release|Any CPU.Build.0 = Release|Any CPU
		{58D066D3-6A12-48EF-90CD-33DD1EFF6BF3}.Debug|Any CPU.ActiveCfg = Debug|Any CPU
		{58D066D3-6A12-48EF-90CD-33DD1EFF6BF3}.Debug|Any CPU.Build.0 = Debug|Any CPU
		{58D066D3-6A12-48EF-90CD-33DD1EFF6BF3}.Release|Any CPU.ActiveCfg = Release|Any CPU
		{58D066D3-6A12-48EF-90CD-33DD1EFF6BF3}.Release|Any CPU.Build.0 = Release|Any CPU
		{B5817589-BE34-463D-BB39-2A53F8ED4204}.Debug|Any CPU.ActiveCfg = Debug|Any CPU
		{B5817589-BE34-463D-BB39-2A53F8ED4204}.Debug|Any CPU.Build.0 = Debug|Any CPU
		{B5817589-BE34-463D-BB39-2A53F8ED4204}.Debug|Any CPU.Deploy.0 = Debug|Any CPU
		{B5817589-BE34-463D-BB39-2A53F8ED4204}.Release|Any CPU.ActiveCfg = Release|Any CPU
		{B5817589-BE34-463D-BB39-2A53F8ED4204}.Release|Any CPU.Build.0 = Release|Any CPU
		{B5817589-BE34-463D-BB39-2A53F8ED4204}.Release|Any CPU.Deploy.0 = Release|Any CPU
	EndGlobalSection
	GlobalSection(SolutionProperties) = preSolution
		HideSolutionNode = FALSE
	EndGlobalSection
	GlobalSection(NestedProjects) = preSolution
		{D4084F7C-E4F7-4AD5-9DBF-A9F120E9D539} = {3BF7020F-4BD2-4A8A-8631-416DC6E9557E}
		{524D54D7-96D0-41BB-8936-8C8A39375729} = {3BF7020F-4BD2-4A8A-8631-416DC6E9557E}
		{D303BC3E-CDF2-462E-9E09-4C4BA810C747} = {3BF7020F-4BD2-4A8A-8631-416DC6E9557E}
		{92CADC65-59A6-4A86-9E5C-5A4C23017B90} = {3BF7020F-4BD2-4A8A-8631-416DC6E9557E}
		{BFDF71C8-3B24-4BE6-8C28-46F2F55C0C4B} = {3BF7020F-4BD2-4A8A-8631-416DC6E9557E}
		{58D066D3-6A12-48EF-90CD-33DD1EFF6BF3} = {3BF7020F-4BD2-4A8A-8631-416DC6E9557E}
	EndGlobalSection
EndGlobal
